
Microsoft Visual Studio Solution File, Format Version 12.00
# Visual Studio 14
VisualStudioVersion = 14.0.25420.1
MinimumVisualStudioVersion = 10.0.40219.1
Project("{FAE04EC0-301F-11D3-BF4B-00C04F79EFBC}") = "OdeToFood", "OdeToFood\OdeToFood.csproj", "{B27B14A4-4E5F-479C-B4CB-EC08A9867486}"
EndProject
Project("{FAE04EC0-301F-11D3-BF4B-00C04F79EFBC}") = "OdeToFood.Tests", "OdeToFood.Tests\OdeToFood.Tests.csproj", "{040F57BD-D34E-45D0-8680-FA31D2ED2962}"
EndProject
Global
	GlobalSection(SolutionConfigurationPlatforms) = preSolution
		Debug|Any CPU = Debug|Any CPU
		Release|Any CPU = Release|Any CPU
	EndGlobalSection
	GlobalSection(ProjectConfigurationPlatforms) = postSolution
		{B27B14A4-4E5F-479C-B4CB-EC08A9867486}.Debug|Any CPU.ActiveCfg = Debug|Any CPU
		{B27B14A4-4E5F-479C-B4CB-EC08A9867486}.Debug|Any CPU.Build.0 = Debug|Any CPU
		{B27B14A4-4E5F-479C-B4CB-EC08A9867486}.Release|Any CPU.ActiveCfg = Release|Any CPU
		{B27B14A4-4E5F-479C-B4CB-EC08A9867486}.Release|Any CPU.Build.0 = Release|Any CPU
		{040F57BD-D34E-45D0-8680-FA31D2ED2962}.Debug|Any CPU.ActiveCfg = Debug|Any CPU
		{040F57BD-D34E-45D0-8680-FA31D2ED2962}.Debug|Any CPU.Build.0 = Debug|Any CPU
		{040F57BD-D34E-45D0-8680-FA31D2ED2962}.Release|Any CPU.ActiveCfg = Release|Any CPU
		{040F57BD-D34E-45D0-8680-FA31D2ED2962}.Release|Any CPU.Build.0 = Release|Any CPU
	EndGlobalSection
	GlobalSection(SolutionProperties) = preSolution
		HideSolutionNode = FALSE
	EndGlobalSection
EndGlobal
